
Microsoft Visual Studio Solution File, Format Version 12.00
# Visual Studio 15
VisualStudioVersion = 15.0.28307.1231
MinimumVisualStudioVersion = 10.0.40219.1
Project("{FAE04EC0-301F-11D3-BF4B-00C04F79EFBC}") = "Rock_Paper_Scissors", "Rock_Paper_Scissors\Rock_Paper_Scissors.csproj", "{615E06B1-13B9-48E7-8FA8-2FE2CEAF8FCB}"
EndProject
Global
	GlobalSection(SolutionConfigurationPlatforms) = preSolution
		Debug|Any CPU = Debug|Any CPU
		Release|Any CPU = Release|Any CPU
	EndGlobalSection
	GlobalSection(ProjectConfigurationPlatforms) = postSolution
		{615E06B1-13B9-48E7-8FA8-2FE2CEAF8FCB}.Debug|Any CPU.ActiveCfg = Debug|Any CPU
		{615E06B1-13B9-48E7-8FA8-2FE2CEAF8FCB}.Debug|Any CPU.Build.0 = Debug|Any CPU
		{615E06B1-13B9-48E7-8FA8-2FE2CEAF8FCB}.Release|Any CPU.ActiveCfg = Release|Any CPU
		{615E06B1-13B9-48E7-8FA8-2FE2CEAF8FCB}.Release|Any CPU.Build.0 = Release|Any CPU
	EndGlobalSection
	GlobalSection(SolutionProperties) = preSolution
		HideSolutionNode = FALSE
	EndGlobalSection
	GlobalSection(ExtensibilityGlobals) = postSolution
		SolutionGuid = {B5668AAA-0783-48AA-B6E1-C25ADEF75B44}
	EndGlobalSection
EndGlobal
